// !$*UTF8*$!
{
	archiveVersion = 1;
	classes = {
	};
	objectVersion = 50;
	objects = {

/* Begin PBXBuildFile section */
		B458DB3020F8FE44006B8E3E /* SnakeAndLadders.xcdatamodeld in Sources */ = {isa = PBXBuildFile; fileRef = B458DB2E20F8FE44006B8E3E /* SnakeAndLadders.xcdatamodeld */; };
		B458DB3220F8FE45006B8E3E /* Assets.xcassets in Resources */ = {isa = PBXBuildFile; fileRef = B458DB3120F8FE45006B8E3E /* Assets.xcassets */; };
		B458DB3520F8FE45006B8E3E /* LaunchScreen.storyboard in Resources */ = {isa = PBXBuildFile; fileRef = B458DB3320F8FE45006B8E3E /* LaunchScreen.storyboard */; };
		B458DB4020F90156006B8E3E /* SLStartVC.swift in Sources */ = {isa = PBXBuildFile; fileRef = B458DB3F20F90156006B8E3E /* SLStartVC.swift */; };
		B458DB4420F901CB006B8E3E /* Block.swift in Sources */ = {isa = PBXBuildFile; fileRef = B458DB4320F901CB006B8E3E /* Block.swift */; };
		B458DB4620F9020C006B8E3E /* Start.storyboard in Resources */ = {isa = PBXBuildFile; fileRef = B458DB4520F9020C006B8E3E /* Start.storyboard */; };
		B458DB4820F90880006B8E3E /* Play.storyboard in Resources */ = {isa = PBXBuildFile; fileRef = B458DB4720F90880006B8E3E /* Play.storyboard */; };
		B458DB4B20F908DA006B8E3E /* SLPlayVC.swift in Sources */ = {isa = PBXBuildFile; fileRef = B458DB4A20F908DA006B8E3E /* SLPlayVC.swift */; };
		B458DB4F20F9095F006B8E3E /* UIViewController+Additions.swift in Sources */ = {isa = PBXBuildFile; fileRef = B458DB4D20F9095E006B8E3E /* UIViewController+Additions.swift */; };
		B458DB5020F9095F006B8E3E /* AppStoryboards.swift in Sources */ = {isa = PBXBuildFile; fileRef = B458DB4E20F9095E006B8E3E /* AppStoryboards.swift */; };
		B458DB5420F90B28006B8E3E /* SLBlockCell.swift in Sources */ = {isa = PBXBuildFile; fileRef = B458DB5220F90B28006B8E3E /* SLBlockCell.swift */; };
		B458DB5520F90B28006B8E3E /* SLBlockCell.xib in Resources */ = {isa = PBXBuildFile; fileRef = B458DB5320F90B28006B8E3E /* SLBlockCell.xib */; };
		B458DB5920F90B3F006B8E3E /* NibLoadableView.swift in Sources */ = {isa = PBXBuildFile; fileRef = B458DB5720F90B3F006B8E3E /* NibLoadableView.swift */; };
		B458DB5A20F90B3F006B8E3E /* ReusableView.swift in Sources */ = {isa = PBXBuildFile; fileRef = B458DB5820F90B3F006B8E3E /* ReusableView.swift */; };
		B458DB5C20F90F09006B8E3E /* SLPlayVC+CollectionView.swift in Sources */ = {isa = PBXBuildFile; fileRef = B458DB5B20F90F09006B8E3E /* SLPlayVC+CollectionView.swift */; };
		B458DB5E20F91048006B8E3E /* UICollectionView+Additions.swift in Sources */ = {isa = PBXBuildFile; fileRef = B458DB5D20F91047006B8E3E /* UICollectionView+Additions.swift */; };
		B458DB6120F92661006B8E3E /* Utilities.swift in Sources */ = {isa = PBXBuildFile; fileRef = B458DB6020F92661006B8E3E /* Utilities.swift */; };
		B458DB6320F927C5006B8E3E /* NSLayoutConstraint+Additons.swift in Sources */ = {isa = PBXBuildFile; fileRef = B458DB6220F927C5006B8E3E /* NSLayoutConstraint+Additons.swift */; };
		B458DB6520F92F70006B8E3E /* Player.swift in Sources */ = {isa = PBXBuildFile; fileRef = B458DB6420F92F70006B8E3E /* Player.swift */; };
		B458DB6820F946D1006B8E3E /* SLWinnerVC.swift in Sources */ = {isa = PBXBuildFile; fileRef = B458DB6720F946D1006B8E3E /* SLWinnerVC.swift */; };
		B470B4CD20F9D9AE0006368B /* SLPlayerGameDetailsVC.swift in Sources */ = {isa = PBXBuildFile; fileRef = B470B4CC20F9D9AE0006368B /* SLPlayerGameDetailsVC.swift */; };
		B470B4CF20F9DA7E0006368B /* SLPlayerGameDetailsVC+TableView.swift in Sources */ = {isa = PBXBuildFile; fileRef = B470B4CE20F9DA7E0006368B /* SLPlayerGameDetailsVC+TableView.swift */; };
		B470B4D720F9DAD80006368B /* SLGameInfoCell.swift in Sources */ = {isa = PBXBuildFile; fileRef = B470B4D520F9DAD80006368B /* SLGameInfoCell.swift */; };
		B470B4D820F9DAD80006368B /* SLGameInfoCell.xib in Resources */ = {isa = PBXBuildFile; fileRef = B470B4D620F9DAD80006368B /* SLGameInfoCell.xib */; };
		B470B4DA20F9DAF50006368B /* UITableView+Additions.swift in Sources */ = {isa = PBXBuildFile; fileRef = B470B4D920F9DAF50006368B /* UITableView+Additions.swift */; };
		B470B4DD20F9DB460006368B /* SLPlayersInfoCell.swift in Sources */ = {isa = PBXBuildFile; fileRef = B470B4DB20F9DB460006368B /* SLPlayersInfoCell.swift */; };
		B470B4DE20F9DB460006368B /* SLPlayersInfoCell.xib in Resources */ = {isa = PBXBuildFile; fileRef = B470B4DC20F9DB460006368B /* SLPlayersInfoCell.xib */; };
		B470B4E020F9E1BA0006368B /* SLPlayerGameDetailsVC+TextField.swift in Sources */ = {isa = PBXBuildFile; fileRef = B470B4DF20F9E1BA0006368B /* SLPlayerGameDetailsVC+TextField.swift */; };
		B470B4E420F9E8D70006368B /* move.mp3 in Resources */ = {isa = PBXBuildFile; fileRef = B470B4E320F9E8D70006368B /* move.mp3 */; };
		B470B4E720F9E9B90006368B /* AppDelegate.swift in Sources */ = {isa = PBXBuildFile; fileRef = B470B4E620F9E9B90006368B /* AppDelegate.swift */; };
		B470B4EA20F9E9D20006368B /* SoundManager.swift in Sources */ = {isa = PBXBuildFile; fileRef = B470B4E920F9E9D20006368B /* SoundManager.swift */; };
		B470B4EC20F9EAB50006368B /* winner.mp3 in Resources */ = {isa = PBXBuildFile; fileRef = B470B4EB20F9EAB50006368B /* winner.mp3 */; };
		B470B4EE20F9EB150006368B /* snakeBite.mp3 in Resources */ = {isa = PBXBuildFile; fileRef = B470B4ED20F9EB150006368B /* snakeBite.mp3 */; };
		B470B4F020F9EB810006368B /* ladder.mp3 in Resources */ = {isa = PBXBuildFile; fileRef = B470B4EF20F9EB810006368B /* ladder.mp3 */; };
/* End PBXBuildFile section */

/* Begin PBXFileReference section */
		B458DB2420F8FE44006B8E3E /* SnakeAndLadders.app */ = {isa = PBXFileReference; explicitFileType = wrapper.application; includeInIndex = 0; path = SnakeAndLadders.app; sourceTree = BUILT_PRODUCTS_DIR; };
		B458DB2F20F8FE44006B8E3E /* SnakeAndLadders.xcdatamodel */ = {isa = PBXFileReference; lastKnownFileType = wrapper.xcdatamodel; path = SnakeAndLadders.xcdatamodel; sourceTree = "<group>"; };
		B458DB3120F8FE45006B8E3E /* Assets.xcassets */ = {isa = PBXFileReference; lastKnownFileType = folder.assetcatalog; path = Assets.xcassets; sourceTree = "<group>"; };
		B458DB3420F8FE45006B8E3E /* Base */ = {isa = PBXFileReference; lastKnownFileType = file.storyboard; name = Base; path = Base.lproj/LaunchScreen.storyboard; sourceTree = "<group>"; };
		B458DB3620F8FE45006B8E3E /* Info.plist */ = {isa = PBXFileReference; lastKnownFileType = text.plist.xml; path = Info.plist; sourceTree = "<group>"; };
		B458DB3F20F90156006B8E3E /* SLStartVC.swift */ = {isa = PBXFileReference; lastKnownFileType = sourcecode.swift; path = SLStartVC.swift; sourceTree = "<group>"; };
		B458DB4320F901CB006B8E3E /* Block.swift */ = {isa = PBXFileReference; lastKnownFileType = sourcecode.swift; path = Block.swift; sourceTree = "<group>"; };
		B458DB4520F9020C006B8E3E /* Start.storyboard */ = {isa = PBXFileReference; lastKnownFileType = file.storyboard; path = Start.storyboard; sourceTree = "<group>"; };
		B458DB4720F90880006B8E3E /* Play.storyboard */ = {isa = PBXFileReference; lastKnownFileType = file.storyboard; path = Play.storyboard; sourceTree = "<group>"; };
		B458DB4A20F908DA006B8E3E /* SLPlayVC.swift */ = {isa = PBXFileReference; lastKnownFileType = sourcecode.swift; path = SLPlayVC.swift; sourceTree = "<group>"; };
		B458DB4D20F9095E006B8E3E /* UIViewController+Additions.swift */ = {isa = PBXFileReference; fileEncoding = 4; lastKnownFileType = sourcecode.swift; path = "UIViewController+Additions.swift"; sourceTree = "<group>"; };
		B458DB4E20F9095E006B8E3E /* AppStoryboards.swift */ = {isa = PBXFileReference; fileEncoding = 4; lastKnownFileType = sourcecode.swift; path = AppStoryboards.swift; sourceTree = "<group>"; };
		B458DB5220F90B28006B8E3E /* SLBlockCell.swift */ = {isa = PBXFileReference; lastKnownFileType = sourcecode.swift; path = SLBlockCell.swift; sourceTree = "<group>"; };
		B458DB5320F90B28006B8E3E /* SLBlockCell.xib */ = {isa = PBXFileReference; lastKnownFileType = file.xib; path = SLBlockCell.xib; sourceTree = "<group>"; };
		B458DB5720F90B3F006B8E3E /* NibLoadableView.swift */ = {isa = PBXFileReference; fileEncoding = 4; lastKnownFileType = sourcecode.swift; path = NibLoadableView.swift; sourceTree = "<group>"; };
		B458DB5820F90B3F006B8E3E /* ReusableView.swift */ = {isa = PBXFileReference; fileEncoding = 4; lastKnownFileType = sourcecode.swift; path = ReusableView.swift; sourceTree = "<group>"; };
		B458DB5B20F90F09006B8E3E /* SLPlayVC+CollectionView.swift */ = {isa = PBXFileReference; lastKnownFileType = sourcecode.swift; path = "SLPlayVC+CollectionView.swift"; sourceTree = "<group>"; };
		B458DB5D20F91047006B8E3E /* UICollectionView+Additions.swift */ = {isa = PBXFileReference; fileEncoding = 4; lastKnownFileType = sourcecode.swift; path = "UICollectionView+Additions.swift"; sourceTree = "<group>"; };
		B458DB6020F92661006B8E3E /* Utilities.swift */ = {isa = PBXFileReference; fileEncoding = 4; lastKnownFileType = sourcecode.swift; path = Utilities.swift; sourceTree = "<group>"; };
		B458DB6220F927C5006B8E3E /* NSLayoutConstraint+Additons.swift */ = {isa = PBXFileReference; fileEncoding = 4; lastKnownFileType = sourcecode.swift; path = "NSLayoutConstraint+Additons.swift"; sourceTree = "<group>"; };
		B458DB6420F92F70006B8E3E /* Player.swift */ = {isa = PBXFileReference; lastKnownFileType = sourcecode.swift; path = Player.swift; sourceTree = "<group>"; };
		B458DB6720F946D1006B8E3E /* SLWinnerVC.swift */ = {isa = PBXFileReference; lastKnownFileType = sourcecode.swift; path = SLWinnerVC.swift; sourceTree = "<group>"; };
		B470B4CC20F9D9AE0006368B /* SLPlayerGameDetailsVC.swift */ = {isa = PBXFileReference; lastKnownFileType = sourcecode.swift; path = SLPlayerGameDetailsVC.swift; sourceTree = "<group>"; };
		B470B4CE20F9DA7E0006368B /* SLPlayerGameDetailsVC+TableView.swift */ = {isa = PBXFileReference; lastKnownFileType = sourcecode.swift; path = "SLPlayerGameDetailsVC+TableView.swift"; sourceTree = "<group>"; };
		B470B4D520F9DAD80006368B /* SLGameInfoCell.swift */ = {isa = PBXFileReference; lastKnownFileType = sourcecode.swift; path = SLGameInfoCell.swift; sourceTree = "<group>"; };
		B470B4D620F9DAD80006368B /* SLGameInfoCell.xib */ = {isa = PBXFileReference; lastKnownFileType = file.xib; path = SLGameInfoCell.xib; sourceTree = "<group>"; };
		B470B4D920F9DAF50006368B /* UITableView+Additions.swift */ = {isa = PBXFileReference; fileEncoding = 4; lastKnownFileType = sourcecode.swift; path = "UITableView+Additions.swift"; sourceTree = "<group>"; };
		B470B4DB20F9DB460006368B /* SLPlayersInfoCell.swift */ = {isa = PBXFileReference; lastKnownFileType = sourcecode.swift; path = SLPlayersInfoCell.swift; sourceTree = "<group>"; };
		B470B4DC20F9DB460006368B /* SLPlayersInfoCell.xib */ = {isa = PBXFileReference; lastKnownFileType = file.xib; path = SLPlayersInfoCell.xib; sourceTree = "<group>"; };
		B470B4DF20F9E1BA0006368B /* SLPlayerGameDetailsVC+TextField.swift */ = {isa = PBXFileReference; lastKnownFileType = sourcecode.swift; path = "SLPlayerGameDetailsVC+TextField.swift"; sourceTree = "<group>"; };
		B470B4E320F9E8D70006368B /* move.mp3 */ = {isa = PBXFileReference; lastKnownFileType = audio.mp3; path = move.mp3; sourceTree = "<group>"; };
		B470B4E620F9E9B90006368B /* AppDelegate.swift */ = {isa = PBXFileReference; fileEncoding = 4; lastKnownFileType = sourcecode.swift; path = AppDelegate.swift; sourceTree = "<group>"; };
		B470B4E920F9E9D20006368B /* SoundManager.swift */ = {isa = PBXFileReference; lastKnownFileType = sourcecode.swift; path = SoundManager.swift; sourceTree = "<group>"; };
		B470B4EB20F9EAB50006368B /* winner.mp3 */ = {isa = PBXFileReference; lastKnownFileType = audio.mp3; path = winner.mp3; sourceTree = "<group>"; };
		B470B4ED20F9EB150006368B /* snakeBite.mp3 */ = {isa = PBXFileReference; lastKnownFileType = audio.mp3; path = snakeBite.mp3; sourceTree = "<group>"; };
		B470B4EF20F9EB810006368B /* ladder.mp3 */ = {isa = PBXFileReference; lastKnownFileType = audio.mp3; path = ladder.mp3; sourceTree = "<group>"; };
/* End PBXFileReference section */

/* Begin PBXFrameworksBuildPhase section */
		B458DB2120F8FE44006B8E3E /* Frameworks */ = {
			isa = PBXFrameworksBuildPhase;
			buildActionMask = 2147483647;
			files = (
			);
			runOnlyForDeploymentPostprocessing = 0;
		};
/* End PBXFrameworksBuildPhase section */

/* Begin PBXGroup section */
		B458DB1B20F8FE44006B8E3E = {
			isa = PBXGroup;
			children = (
				B458DB2620F8FE44006B8E3E /* SnakeAndLadders */,
				B458DB2520F8FE44006B8E3E /* Products */,
			);
			sourceTree = "<group>";
		};
		B458DB2520F8FE44006B8E3E /* Products */ = {
			isa = PBXGroup;
			children = (
				B458DB2420F8FE44006B8E3E /* SnakeAndLadders.app */,
			);
			name = Products;
			sourceTree = "<group>";
		};
		B458DB2620F8FE44006B8E3E /* SnakeAndLadders */ = {
			isa = PBXGroup;
			children = (
				B470B4E820F9E9C40006368B /* Managers */,
				B470B4E520F9E9B90006368B /* Application */,
				B458DB5F20F92661006B8E3E /* Utilities */,
				B458DB5620F90B3F006B8E3E /* Protocols */,
				B458DB4C20F9095E006B8E3E /* Extensions */,
				B458DB4120F90168006B8E3E /* Views */,
				B458DB3D20F90142006B8E3E /* View Controllers */,
				B458DB3C20F900B2006B8E3E /* Models */,
				B470B4E120F9E8D70006368B /* Supporting Files */,
				B458DB3120F8FE45006B8E3E /* Assets.xcassets */,
				B458DB3320F8FE45006B8E3E /* LaunchScreen.storyboard */,
				B458DB3620F8FE45006B8E3E /* Info.plist */,
				B458DB2E20F8FE44006B8E3E /* SnakeAndLadders.xcdatamodeld */,
			);
			path = SnakeAndLadders;
			sourceTree = "<group>";
		};
		B458DB3C20F900B2006B8E3E /* Models */ = {
			isa = PBXGroup;
			children = (
				B458DB4320F901CB006B8E3E /* Block.swift */,
				B458DB6420F92F70006B8E3E /* Player.swift */,
			);
			path = Models;
			sourceTree = "<group>";
		};
		B458DB3D20F90142006B8E3E /* View Controllers */ = {
			isa = PBXGroup;
			children = (
				B458DB3E20F90142006B8E3E /* Start Scene */,
				B470B4CB20F9D9930006368B /* Player Details */,
				B458DB4920F908B2006B8E3E /* Play Scene */,
				B458DB6620F946C1006B8E3E /* Winner Scene */,
			);
			path = "View Controllers";
			sourceTree = "<group>";
		};
		B458DB3E20F90142006B8E3E /* Start Scene */ = {
			isa = PBXGroup;
			children = (
				B458DB3F20F90156006B8E3E /* SLStartVC.swift */,
			);
			path = "Start Scene";
			sourceTree = "<group>";
		};
		B458DB4120F90168006B8E3E /* Views */ = {
			isa = PBXGroup;
			children = (
				B470B4D020F9DAA90006368B /* Table Cells */,
				B458DB5120F90B15006B8E3E /* CollectionView Cells */,
				B458DB4220F90193006B8E3E /* Storyboards */,
			);
			path = Views;
			sourceTree = "<group>";
		};
		B458DB4220F90193006B8E3E /* Storyboards */ = {
			isa = PBXGroup;
			children = (
				B458DB4520F9020C006B8E3E /* Start.storyboard */,
				B458DB4720F90880006B8E3E /* Play.storyboard */,
			);
			path = Storyboards;
			sourceTree = "<group>";
		};
		B458DB4920F908B2006B8E3E /* Play Scene */ = {
			isa = PBXGroup;
			children = (
				B458DB4A20F908DA006B8E3E /* SLPlayVC.swift */,
				B458DB5B20F90F09006B8E3E /* SLPlayVC+CollectionView.swift */,
			);
			path = "Play Scene";
			sourceTree = "<group>";
		};
		B458DB4C20F9095E006B8E3E /* Extensions */ = {
			isa = PBXGroup;
			children = (
				B470B4D920F9DAF50006368B /* UITableView+Additions.swift */,
				B458DB6220F927C5006B8E3E /* NSLayoutConstraint+Additons.swift */,
				B458DB5D20F91047006B8E3E /* UICollectionView+Additions.swift */,
				B458DB4D20F9095E006B8E3E /* UIViewController+Additions.swift */,
				B458DB4E20F9095E006B8E3E /* AppStoryboards.swift */,
			);
			path = Extensions;
			sourceTree = "<group>";
		};
		B458DB5120F90B15006B8E3E /* CollectionView Cells */ = {
			isa = PBXGroup;
			children = (
				B458DB5220F90B28006B8E3E /* SLBlockCell.swift */,
				B458DB5320F90B28006B8E3E /* SLBlockCell.xib */,
			);
			path = "CollectionView Cells";
			sourceTree = "<group>";
		};
		B458DB5620F90B3F006B8E3E /* Protocols */ = {
			isa = PBXGroup;
			children = (
				B458DB5720F90B3F006B8E3E /* NibLoadableView.swift */,
				B458DB5820F90B3F006B8E3E /* ReusableView.swift */,
			);
			path = Protocols;
			sourceTree = "<group>";
		};
		B458DB5F20F92661006B8E3E /* Utilities */ = {
			isa = PBXGroup;
			children = (
				B458DB6020F92661006B8E3E /* Utilities.swift */,
			);
			path = Utilities;
			sourceTree = "<group>";
		};
		B458DB6620F946C1006B8E3E /* Winner Scene */ = {
			isa = PBXGroup;
			children = (
				B458DB6720F946D1006B8E3E /* SLWinnerVC.swift */,
			);
			path = "Winner Scene";
			sourceTree = "<group>";
		};
		B470B4CB20F9D9930006368B /* Player Details */ = {
			isa = PBXGroup;
			children = (
				B470B4CC20F9D9AE0006368B /* SLPlayerGameDetailsVC.swift */,
				B470B4CE20F9DA7E0006368B /* SLPlayerGameDetailsVC+TableView.swift */,
				B470B4DF20F9E1BA0006368B /* SLPlayerGameDetailsVC+TextField.swift */,
			);
			path = "Player Details";
			sourceTree = "<group>";
		};
		B470B4D020F9DAA90006368B /* Table Cells */ = {
			isa = PBXGroup;
			children = (
				B470B4D520F9DAD80006368B /* SLGameInfoCell.swift */,
				B470B4D620F9DAD80006368B /* SLGameInfoCell.xib */,
				B470B4DB20F9DB460006368B /* SLPlayersInfoCell.swift */,
				B470B4DC20F9DB460006368B /* SLPlayersInfoCell.xib */,
			);
			path = "Table Cells";
			sourceTree = "<group>";
		};
		B470B4E120F9E8D70006368B /* Supporting Files */ = {
			isa = PBXGroup;
			children = (
				B470B4E220F9E8D70006368B /* Sounds */,
			);
			path = "Supporting Files";
			sourceTree = "<group>";
		};
		B470B4E220F9E8D70006368B /* Sounds */ = {
			isa = PBXGroup;
			children = (
				B470B4EF20F9EB810006368B /* ladder.mp3 */,
				B470B4ED20F9EB150006368B /* snakeBite.mp3 */,
				B470B4EB20F9EAB50006368B /* winner.mp3 */,
				B470B4E320F9E8D70006368B /* move.mp3 */,
			);
			path = Sounds;
			sourceTree = "<group>";
		};
		B470B4E520F9E9B90006368B /* Application */ = {
			isa = PBXGroup;
			children = (
				B470B4E620F9E9B90006368B /* AppDelegate.swift */,
			);
			path = Application;
			sourceTree = "<group>";
		};
		B470B4E820F9E9C40006368B /* Managers */ = {
			isa = PBXGroup;
			children = (
				B470B4E920F9E9D20006368B /* SoundManager.swift */,
			);
			path = Managers;
			sourceTree = "<group>";
		};
/* End PBXGroup section */

/* Begin PBXNativeTarget section */
		B458DB2320F8FE44006B8E3E /* SnakeAndLadders */ = {
			isa = PBXNativeTarget;
			buildConfigurationList = B458DB3920F8FE45006B8E3E /* Build configuration list for PBXNativeTarget "SnakeAndLadders" */;
			buildPhases = (
				B458DB2020F8FE44006B8E3E /* Sources */,
				B458DB2120F8FE44006B8E3E /* Frameworks */,
				B458DB2220F8FE44006B8E3E /* Resources */,
			);
			buildRules = (
			);
			dependencies = (
			);
			name = SnakeAndLadders;
			productName = SnakeAndLadders;
			productReference = B458DB2420F8FE44006B8E3E /* SnakeAndLadders.app */;
			productType = "com.apple.product-type.application";
		};
/* End PBXNativeTarget section */

/* Begin PBXProject section */
		B458DB1C20F8FE44006B8E3E /* Project object */ = {
			isa = PBXProject;
			attributes = {
				LastSwiftUpdateCheck = 0940;
				LastUpgradeCheck = 0940;
				ORGANIZATIONNAME = "Rajan Maheshwari";
				TargetAttributes = {
					B458DB2320F8FE44006B8E3E = {
						CreatedOnToolsVersion = 9.4.1;
					};
				};
			};
			buildConfigurationList = B458DB1F20F8FE44006B8E3E /* Build configuration list for PBXProject "SnakeAndLadders" */;
			compatibilityVersion = "Xcode 9.3";
			developmentRegion = en;
			hasScannedForEncodings = 0;
			knownRegions = (
				en,
				Base,
			);
			mainGroup = B458DB1B20F8FE44006B8E3E;
			productRefGroup = B458DB2520F8FE44006B8E3E /* Products */;
			projectDirPath = "";
			projectRoot = "";
			targets = (
				B458DB2320F8FE44006B8E3E /* SnakeAndLadders */,
			);
		};
/* End PBXProject section */

/* Begin PBXResourcesBuildPhase section */
		B458DB2220F8FE44006B8E3E /* Resources */ = {
			isa = PBXResourcesBuildPhase;
			buildActionMask = 2147483647;
			files = (
				B470B4F020F9EB810006368B /* ladder.mp3 in Resources */,
				B470B4D820F9DAD80006368B /* SLGameInfoCell.xib in Resources */,
				B470B4EC20F9EAB50006368B /* winner.mp3 in Resources */,
				B470B4DE20F9DB460006368B /* SLPlayersInfoCell.xib in Resources */,
				B458DB5520F90B28006B8E3E /* SLBlockCell.xib in Resources */,
				B458DB4820F90880006B8E3E /* Play.storyboard in Resources */,
				B458DB3520F8FE45006B8E3E /* LaunchScreen.storyboard in Resources */,
				B470B4E420F9E8D70006368B /* move.mp3 in Resources */,
				B470B4EE20F9EB150006368B /* snakeBite.mp3 in Resources */,
				B458DB3220F8FE45006B8E3E /* Assets.xcassets in Resources */,
				B458DB4620F9020C006B8E3E /* Start.storyboard in Resources */,
			);
			runOnlyForDeploymentPostprocessing = 0;
		};
/* End PBXResourcesBuildPhase section */

/* Begin PBXSourcesBuildPhase section */
		B458DB2020F8FE44006B8E3E /* Sources */ = {
			isa = PBXSourcesBuildPhase;
			buildActionMask = 2147483647;
			files = (
				B470B4D720F9DAD80006368B /* SLGameInfoCell.swift in Sources */,
				B458DB4020F90156006B8E3E /* SLStartVC.swift in Sources */,
				B470B4CF20F9DA7E0006368B /* SLPlayerGameDetailsVC+TableView.swift in Sources */,
				B458DB5A20F90B3F006B8E3E /* ReusableView.swift in Sources */,
				B458DB4420F901CB006B8E3E /* Block.swift in Sources */,
				B470B4CD20F9D9AE0006368B /* SLPlayerGameDetailsVC.swift in Sources */,
				B458DB4F20F9095F006B8E3E /* UIViewController+Additions.swift in Sources */,
				B458DB6120F92661006B8E3E /* Utilities.swift in Sources */,
				B470B4DA20F9DAF50006368B /* UITableView+Additions.swift in Sources */,
				B458DB6320F927C5006B8E3E /* NSLayoutConstraint+Additons.swift in Sources */,
				B458DB6820F946D1006B8E3E /* SLWinnerVC.swift in Sources */,
				B458DB5920F90B3F006B8E3E /* NibLoadableView.swift in Sources */,
				B458DB3020F8FE44006B8E3E /* SnakeAndLadders.xcdatamodeld in Sources */,
				B470B4EA20F9E9D20006368B /* SoundManager.swift in Sources */,
				B470B4DD20F9DB460006368B /* SLPlayersInfoCell.swift in Sources */,
				B458DB4B20F908DA006B8E3E /* SLPlayVC.swift in Sources */,
				B458DB5E20F91048006B8E3E /* UICollectionView+Additions.swift in Sources */,
				B458DB5C20F90F09006B8E3E /* SLPlayVC+CollectionView.swift in Sources */,
				B458DB5420F90B28006B8E3E /* SLBlockCell.swift in Sources */,
				B458DB6520F92F70006B8E3E /* Player.swift in Sources */,
				B458DB5020F9095F006B8E3E /* AppStoryboards.swift in Sources */,
				B470B4E020F9E1BA0006368B /* SLPlayerGameDetailsVC+TextField.swift in Sources */,
				B470B4E720F9E9B90006368B /* AppDelegate.swift in Sources */,
			);
			runOnlyForDeploymentPostprocessing = 0;
		};
/* End PBXSourcesBuildPhase section */

/* Begin PBXVariantGroup section */
		B458DB3320F8FE45006B8E3E /* LaunchScreen.storyboard */ = {
			isa = PBXVariantGroup;
			children = (
				B458DB3420F8FE45006B8E3E /* Base */,
			);
			name = LaunchScreen.storyboard;
			sourceTree = "<group>";
		};
/* End PBXVariantGroup section */

/* Begin XCBuildConfiguration section */
		B458DB3720F8FE45006B8E3E /* Debug */ = {
			isa = XCBuildConfiguration;
			buildSettings = {
				ALWAYS_SEARCH_USER_PATHS = NO;
				CLANG_ANALYZER_NONNULL = YES;
				CLANG_ANALYZER_NUMBER_OBJECT_CONVERSION = YES_AGGRESSIVE;
				CLANG_CXX_LANGUAGE_STANDARD = "gnu++14";
				CLANG_CXX_LIBRARY = "libc++";
				CLANG_ENABLE_MODULES = YES;
				CLANG_ENABLE_OBJC_ARC = YES;
				CLANG_ENABLE_OBJC_WEAK = YES;
				CLANG_WARN_BLOCK_CAPTURE_AUTORELEASING = YES;
				CLANG_WARN_BOOL_CONVERSION = YES;
				CLANG_WARN_COMMA = YES;
				CLANG_WARN_CONSTANT_CONVERSION = YES;
				CLANG_WARN_DEPRECATED_OBJC_IMPLEMENTATIONS = YES;
				CLANG_WARN_DIRECT_OBJC_ISA_USAGE = YES_ERROR;
				CLANG_WARN_DOCUMENTATION_COMMENTS = YES;
				CLANG_WARN_EMPTY_BODY = YES;
				CLANG_WARN_ENUM_CONVERSION = YES;
				CLANG_WARN_INFINITE_RECURSION = YES;
				CLANG_WARN_INT_CONVERSION = YES;
				CLANG_WARN_NON_LITERAL_NULL_CONVERSION = YES;
				CLANG_WARN_OBJC_IMPLICIT_RETAIN_SELF = YES;
				CLANG_WARN_OBJC_LITERAL_CONVERSION = YES;
				CLANG_WARN_OBJC_ROOT_CLASS = YES_ERROR;
				CLANG_WARN_RANGE_LOOP_ANALYSIS = YES;
				CLANG_WARN_STRICT_PROTOTYPES = YES;
				CLANG_WARN_SUSPICIOUS_MOVE = YES;
				CLANG_WARN_UNGUARDED_AVAILABILITY = YES_AGGRESSIVE;
				CLANG_WARN_UNREACHABLE_CODE = YES;
				CLANG_WARN__DUPLICATE_METHOD_MATCH = YES;
				CODE_SIGN_IDENTITY = "iPhone Developer";
				COPY_PHASE_STRIP = NO;
				DEBUG_INFORMATION_FORMAT = dwarf;
				ENABLE_STRICT_OBJC_MSGSEND = YES;
				ENABLE_TESTABILITY = YES;
				GCC_C_LANGUAGE_STANDARD = gnu11;
				GCC_DYNAMIC_NO_PIC = NO;
				GCC_NO_COMMON_BLOCKS = YES;
				GCC_OPTIMIZATION_LEVEL = 0;
				GCC_PREPROCESSOR_DEFINITIONS = (
					"DEBUG=1",
					"$(inherited)",
				);
				GCC_WARN_64_TO_32_BIT_CONVERSION = YES;
				GCC_WARN_ABOUT_RETURN_TYPE = YES_ERROR;
				GCC_WARN_UNDECLARED_SELECTOR = YES;
				GCC_WARN_UNINITIALIZED_AUTOS = YES_AGGRESSIVE;
				GCC_WARN_UNUSED_FUNCTION = YES;
				GCC_WARN_UNUSED_VARIABLE = YES;
				IPHONEOS_DEPLOYMENT_TARGET = 10.0;
				MTL_ENABLE_DEBUG_INFO = YES;
				ONLY_ACTIVE_ARCH = YES;
				SDKROOT = iphoneos;
				SWIFT_ACTIVE_COMPILATION_CONDITIONS = DEBUG;
				SWIFT_OPTIMIZATION_LEVEL = "-Onone";
			};
			name = Debug;
		};
		B458DB3820F8FE45006B8E3E /* Release */ = {
			isa = XCBuildConfiguration;
			buildSettings = {
				ALWAYS_SEARCH_USER_PATHS = NO;
				CLANG_ANALYZER_NONNULL = YES;
				CLANG_ANALYZER_NUMBER_OBJECT_CONVERSION = YES_AGGRESSIVE;
				CLANG_CXX_LANGUAGE_STANDARD = "gnu++14";
				CLANG_CXX_LIBRARY = "libc++";
				CLANG_ENABLE_MODULES = YES;
				CLANG_ENABLE_OBJC_ARC = YES;
				CLANG_ENABLE_OBJC_WEAK = YES;
				CLANG_WARN_BLOCK_CAPTURE_AUTORELEASING = YES;
				CLANG_WARN_BOOL_CONVERSION = YES;
				CLANG_WARN_COMMA = YES;
				CLANG_WARN_CONSTANT_CONVERSION = YES;
				CLANG_WARN_DEPRECATED_OBJC_IMPLEMENTATIONS = YES;
				CLANG_WARN_DIRECT_OBJC_ISA_USAGE = YES_ERROR;
				CLANG_WARN_DOCUMENTATION_COMMENTS = YES;
				CLANG_WARN_EMPTY_BODY = YES;
				CLANG_WARN_ENUM_CONVERSION = YES;
				CLANG_WARN_INFINITE_RECURSION = YES;
				CLANG_WARN_INT_CONVERSION = YES;
				CLANG_WARN_NON_LITERAL_NULL_CONVERSION = YES;
				CLANG_WARN_OBJC_IMPLICIT_RETAIN_SELF = YES;
				CLANG_WARN_OBJC_LITERAL_CONVERSION = YES;
				CLANG_WARN_OBJC_ROOT_CLASS = YES_ERROR;
				CLANG_WARN_RANGE_LOOP_ANALYSIS = YES;
				CLANG_WARN_STRICT_PROTOTYPES = YES;
				CLANG_WARN_SUSPICIOUS_MOVE = YES;
				CLANG_WARN_UNGUARDED_AVAILABILITY = YES_AGGRESSIVE;
				CLANG_WARN_UNREACHABLE_CODE = YES;
				CLANG_WARN__DUPLICATE_METHOD_MATCH = YES;
				CODE_SIGN_IDENTITY = "iPhone Developer";
				COPY_PHASE_STRIP = NO;
				DEBUG_INFORMATION_FORMAT = "dwarf-with-dsym";
				ENABLE_NS_ASSERTIONS = NO;
				ENABLE_STRICT_OBJC_MSGSEND = YES;
				GCC_C_LANGUAGE_STANDARD = gnu11;
				GCC_NO_COMMON_BLOCKS = YES;
				GCC_WARN_64_TO_32_BIT_CONVERSION = YES;
				GCC_WARN_ABOUT_RETURN_TYPE = YES_ERROR;
				GCC_WARN_UNDECLARED_SELECTOR = YES;
				GCC_WARN_UNINITIALIZED_AUTOS = YES_AGGRESSIVE;
				GCC_WARN_UNUSED_FUNCTION = YES;
				GCC_WARN_UNUSED_VARIABLE = YES;
				IPHONEOS_DEPLOYMENT_TARGET = 10.0;
				MTL_ENABLE_DEBUG_INFO = NO;
				SDKROOT = iphoneos;
				SWIFT_COMPILATION_MODE = wholemodule;
				SWIFT_OPTIMIZATION_LEVEL = "-O";
				VALIDATE_PRODUCT = YES;
			};
			name = Release;
		};
		B458DB3A20F8FE45006B8E3E /* Debug */ = {
			isa = XCBuildConfiguration;
			buildSettings = {
				ASSETCATALOG_COMPILER_APPICON_NAME = AppIcon;
				CODE_SIGN_STYLE = Automatic;
				INFOPLIST_FILE = SnakeAndLadders/Info.plist;
				IPHONEOS_DEPLOYMENT_TARGET = 10.0;
				LD_RUNPATH_SEARCH_PATHS = (
					"$(inherited)",
					"@executable_path/Frameworks",
				);
				PRODUCT_BUNDLE_IDENTIFIER = com.test.SnakeAndLadders;
				PRODUCT_NAME = "$(TARGET_NAME)";
				SWIFT_VERSION = 4.0;
				TARGETED_DEVICE_FAMILY = "1,2";
			};
			name = Debug;
		};
		B458DB3B20F8FE45006B8E3E /* Release */ = {
			isa = XCBuildConfiguration;
			buildSettings = {
				ASSETCATALOG_COMPILER_APPICON_NAME = AppIcon;
				CODE_SIGN_STYLE = Automatic;
				INFOPLIST_FILE = SnakeAndLadders/Info.plist;
				IPHONEOS_DEPLOYMENT_TARGET = 10.0;
				LD_RUNPATH_SEARCH_PATHS = (
					"$(inherited)",
					"@executable_path/Frameworks",
				);
				PRODUCT_BUNDLE_IDENTIFIER = com.test.SnakeAndLadders;
				PRODUCT_NAME = "$(TARGET_NAME)";
				SWIFT_VERSION = 4.0;
				TARGETED_DEVICE_FAMILY = "1,2";
			};
			name = Release;
		};
/* End XCBuildConfiguration section */

/* Begin XCConfigurationList section */
		B458DB1F20F8FE44006B8E3E /* Build configuration list for PBXProject "SnakeAndLadders" */ = {
			isa = XCConfigurationList;
			buildConfigurations = (
				B458DB3720F8FE45006B8E3E /* Debug */,
				B458DB3820F8FE45006B8E3E /* Release */,
			);
			defaultConfigurationIsVisible = 0;
			defaultConfigurationName = Release;
		};
		B458DB3920F8FE45006B8E3E /* Build configuration list for PBXNativeTarget "SnakeAndLadders" */ = {
			isa = XCConfigurationList;
			buildConfigurations = (
				B458DB3A20F8FE45006B8E3E /* Debug */,
				B458DB3B20F8FE45006B8E3E /* Release */,
			);
			defaultConfigurationIsVisible = 0;
			defaultConfigurationName = Release;
		};
/* End XCConfigurationList section */

/* Begin XCVersionGroup section */
		B458DB2E20F8FE44006B8E3E /* SnakeAndLadders.xcdatamodeld */ = {
			isa = XCVersionGroup;
			children = (
				B458DB2F20F8FE44006B8E3E /* SnakeAndLadders.xcdatamodel */,
			);
			currentVersion = B458DB2F20F8FE44006B8E3E /* SnakeAndLadders.xcdatamodel */;
			path = SnakeAndLadders.xcdatamodeld;
			sourceTree = "<group>";
			versionGroupType = wrapper.xcdatamodel;
		};
/* End XCVersionGroup section */
	};
	rootObject = B458DB1C20F8FE44006B8E3E /* Project object */;
}
